// !$*UTF8*$!
{
	archiveVersion = 1;
	classes = {
	};
	objectVersion = 55;
	objects = {

/* Begin PBXBuildFile section */
		195FC56327242A2F00645170 /* WheatherCaseAppApp.swift in Sources */ = {isa = PBXBuildFile; fileRef = 195FC56227242A2F00645170 /* WheatherCaseAppApp.swift */; };
		195FC56527242A2F00645170 /* ContentView.swift in Sources */ = {isa = PBXBuildFile; fileRef = 195FC56427242A2F00645170 /* ContentView.swift */; };
		195FC56727242A3000645170 /* Assets.xcassets in Resources */ = {isa = PBXBuildFile; fileRef = 195FC56627242A3000645170 /* Assets.xcassets */; };
		195FC56A27242A3000645170 /* Preview Assets.xcassets in Resources */ = {isa = PBXBuildFile; fileRef = 195FC56927242A3000645170 /* Preview Assets.xcassets */; };
		195FC57427242A3000645170 /* WheatherCaseAppTests.swift in Sources */ = {isa = PBXBuildFile; fileRef = 195FC57327242A3000645170 /* WheatherCaseAppTests.swift */; };
		195FC57E27242A3000645170 /* WheatherCaseAppUITests.swift in Sources */ = {isa = PBXBuildFile; fileRef = 195FC57D27242A3000645170 /* WheatherCaseAppUITests.swift */; };
		195FC58027242A3000645170 /* WheatherCaseAppUITestsLaunchTests.swift in Sources */ = {isa = PBXBuildFile; fileRef = 195FC57F27242A3000645170 /* WheatherCaseAppUITestsLaunchTests.swift */; };
		1967594227242E3C00BE8798 /* WeatherResponseModel.swift in Sources */ = {isa = PBXBuildFile; fileRef = 1967594127242E3C00BE8798 /* WeatherResponseModel.swift */; };
		1967594427242F7F00BE8798 /* WheatherAPI.swift in Sources */ = {isa = PBXBuildFile; fileRef = 1967594327242F7F00BE8798 /* WheatherAPI.swift */; };
		196759462724303400BE8798 /* WeatherLocationModel.swift in Sources */ = {isa = PBXBuildFile; fileRef = 196759452724303400BE8798 /* WeatherLocationModel.swift */; };
		1967594927243A9C00BE8798 /* Alamofire in Frameworks */ = {isa = PBXBuildFile; productRef = 1967594827243A9C00BE8798 /* Alamofire */; };
		196B5FD02724C80600C19146 /* LocationManager.swift in Sources */ = {isa = PBXBuildFile; fileRef = 196B5FCF2724C80600C19146 /* LocationManager.swift */; };
		199D61592726DEAC00FAB0D5 /* ViewModelState.swift in Sources */ = {isa = PBXBuildFile; fileRef = 199D61582726DEAC00FAB0D5 /* ViewModelState.swift */; };
		19F9E18527246C7400BABF3F /* Errors.swift in Sources */ = {isa = PBXBuildFile; fileRef = 19F9E18427246C7300BABF3F /* Errors.swift */; };
		19F9E18727247B9300BABF3F /* WeatherViewModel.swift in Sources */ = {isa = PBXBuildFile; fileRef = 19F9E18627247B9300BABF3F /* WeatherViewModel.swift */; };
		19F9E18927248B5C00BABF3F /* LocationDetailView.swift in Sources */ = {isa = PBXBuildFile; fileRef = 19F9E18827248B5C00BABF3F /* LocationDetailView.swift */; };
		19F9E18B27249D9300BABF3F /* LocationDetailViewModel.swift in Sources */ = {isa = PBXBuildFile; fileRef = 19F9E18A27249D9300BABF3F /* LocationDetailViewModel.swift */; };
/* End PBXBuildFile section */

/* Begin PBXContainerItemProxy section */
		195FC57027242A3000645170 /* PBXContainerItemProxy */ = {
			isa = PBXContainerItemProxy;
			containerPortal = 195FC55727242A2F00645170 /* Project object */;
			proxyType = 1;
			remoteGlobalIDString = 195FC55E27242A2F00645170;
			remoteInfo = WheatherCaseApp;
		};
		195FC57A27242A3000645170 /* PBXContainerItemProxy */ = {
			isa = PBXContainerItemProxy;
			containerPortal = 195FC55727242A2F00645170 /* Project object */;
			proxyType = 1;
			remoteGlobalIDString = 195FC55E27242A2F00645170;
			remoteInfo = WheatherCaseApp;
		};
/* End PBXContainerItemProxy section */

/* Begin PBXFileReference section */
		195FC55F27242A2F00645170 /* WheatherCaseApp.app */ = {isa = PBXFileReference; explicitFileType = wrapper.application; includeInIndex = 0; path = WheatherCaseApp.app; sourceTree = BUILT_PRODUCTS_DIR; };
		195FC56227242A2F00645170 /* WheatherCaseAppApp.swift */ = {isa = PBXFileReference; lastKnownFileType = sourcecode.swift; path = WheatherCaseAppApp.swift; sourceTree = "<group>"; };
		195FC56427242A2F00645170 /* ContentView.swift */ = {isa = PBXFileReference; lastKnownFileType = sourcecode.swift; path = ContentView.swift; sourceTree = "<group>"; };
		195FC56627242A3000645170 /* Assets.xcassets */ = {isa = PBXFileReference; lastKnownFileType = folder.assetcatalog; path = Assets.xcassets; sourceTree = "<group>"; };
		195FC56927242A3000645170 /* Preview Assets.xcassets */ = {isa = PBXFileReference; lastKnownFileType = folder.assetcatalog; path = "Preview Assets.xcassets"; sourceTree = "<group>"; };
		195FC56F27242A3000645170 /* WheatherCaseAppTests.xctest */ = {isa = PBXFileReference; explicitFileType = wrapper.cfbundle; includeInIndex = 0; path = WheatherCaseAppTests.xctest; sourceTree = BUILT_PRODUCTS_DIR; };
		195FC57327242A3000645170 /* WheatherCaseAppTests.swift */ = {isa = PBXFileReference; lastKnownFileType = sourcecode.swift; path = WheatherCaseAppTests.swift; sourceTree = "<group>"; };
		195FC57927242A3000645170 /* WheatherCaseAppUITests.xctest */ = {isa = PBXFileReference; explicitFileType = wrapper.cfbundle; includeInIndex = 0; path = WheatherCaseAppUITests.xctest; sourceTree = BUILT_PRODUCTS_DIR; };
		195FC57D27242A3000645170 /* WheatherCaseAppUITests.swift */ = {isa = PBXFileReference; lastKnownFileType = sourcecode.swift; path = WheatherCaseAppUITests.swift; sourceTree = "<group>"; };
		195FC57F27242A3000645170 /* WheatherCaseAppUITestsLaunchTests.swift */ = {isa = PBXFileReference; lastKnownFileType = sourcecode.swift; path = WheatherCaseAppUITestsLaunchTests.swift; sourceTree = "<group>"; };
		1967594127242E3C00BE8798 /* WeatherResponseModel.swift */ = {isa = PBXFileReference; lastKnownFileType = sourcecode.swift; path = WeatherResponseModel.swift; sourceTree = "<group>"; };
		1967594327242F7F00BE8798 /* WheatherAPI.swift */ = {isa = PBXFileReference; lastKnownFileType = sourcecode.swift; path = WheatherAPI.swift; sourceTree = "<group>"; };
		196759452724303400BE8798 /* WeatherLocationModel.swift */ = {isa = PBXFileReference; lastKnownFileType = sourcecode.swift; path = WeatherLocationModel.swift; sourceTree = "<group>"; };
		196B5FCF2724C80600C19146 /* LocationManager.swift */ = {isa = PBXFileReference; lastKnownFileType = sourcecode.swift; path = LocationManager.swift; sourceTree = "<group>"; };
		199D61582726DEAC00FAB0D5 /* ViewModelState.swift */ = {isa = PBXFileReference; lastKnownFileType = sourcecode.swift; path = ViewModelState.swift; sourceTree = "<group>"; };
		19F9E18427246C7300BABF3F /* Errors.swift */ = {isa = PBXFileReference; lastKnownFileType = sourcecode.swift; path = Errors.swift; sourceTree = "<group>"; };
		19F9E18627247B9300BABF3F /* WeatherViewModel.swift */ = {isa = PBXFileReference; lastKnownFileType = sourcecode.swift; path = WeatherViewModel.swift; sourceTree = "<group>"; };
		19F9E18827248B5C00BABF3F /* LocationDetailView.swift */ = {isa = PBXFileReference; lastKnownFileType = sourcecode.swift; path = LocationDetailView.swift; sourceTree = "<group>"; };
		19F9E18A27249D9300BABF3F /* LocationDetailViewModel.swift */ = {isa = PBXFileReference; lastKnownFileType = sourcecode.swift; path = LocationDetailViewModel.swift; sourceTree = "<group>"; };
/* End PBXFileReference section */

/* Begin PBXFrameworksBuildPhase section */
		195FC55C27242A2F00645170 /* Frameworks */ = {
			isa = PBXFrameworksBuildPhase;
			buildActionMask = 2147483647;
			files = (
				1967594927243A9C00BE8798 /* Alamofire in Frameworks */,
			);
			runOnlyForDeploymentPostprocessing = 0;
		};
		195FC56C27242A3000645170 /* Frameworks */ = {
			isa = PBXFrameworksBuildPhase;
			buildActionMask = 2147483647;
			files = (
			);
			runOnlyForDeploymentPostprocessing = 0;
		};
		195FC57627242A3000645170 /* Frameworks */ = {
			isa = PBXFrameworksBuildPhase;
			buildActionMask = 2147483647;
			files = (
			);
			runOnlyForDeploymentPostprocessing = 0;
		};
/* End PBXFrameworksBuildPhase section */

/* Begin PBXGroup section */
		195FC55627242A2F00645170 = {
			isa = PBXGroup;
			children = (
				195FC56127242A2F00645170 /* WheatherCaseApp */,
				195FC57227242A3000645170 /* WheatherCaseAppTests */,
				195FC57C27242A3000645170 /* WheatherCaseAppUITests */,
				195FC56027242A2F00645170 /* Products */,
			);
			sourceTree = "<group>";
		};
		195FC56027242A2F00645170 /* Products */ = {
			isa = PBXGroup;
			children = (
				195FC55F27242A2F00645170 /* WheatherCaseApp.app */,
				195FC56F27242A3000645170 /* WheatherCaseAppTests.xctest */,
				195FC57927242A3000645170 /* WheatherCaseAppUITests.xctest */,
			);
			name = Products;
			sourceTree = "<group>";
		};
		195FC56127242A2F00645170 /* WheatherCaseApp */ = {
			isa = PBXGroup;
			children = (
				199D61572726DDD400FAB0D5 /* View */,
				199D61562726DBF000FAB0D5 /* ViewModel */,
				199D61542726DBCF00FAB0D5 /* Logic */,
				195FC56227242A2F00645170 /* WheatherCaseAppApp.swift */,
				195FC56627242A3000645170 /* Assets.xcassets */,
				195FC56827242A3000645170 /* Preview Content */,
			);
			path = WheatherCaseApp;
			sourceTree = "<group>";
		};
		195FC56827242A3000645170 /* Preview Content */ = {
			isa = PBXGroup;
			children = (
				195FC56927242A3000645170 /* Preview Assets.xcassets */,
			);
			path = "Preview Content";
			sourceTree = "<group>";
		};
		195FC57227242A3000645170 /* WheatherCaseAppTests */ = {
			isa = PBXGroup;
			children = (
				195FC57327242A3000645170 /* WheatherCaseAppTests.swift */,
			);
			path = WheatherCaseAppTests;
			sourceTree = "<group>";
		};
		195FC57C27242A3000645170 /* WheatherCaseAppUITests */ = {
			isa = PBXGroup;
			children = (
				195FC57D27242A3000645170 /* WheatherCaseAppUITests.swift */,
				195FC57F27242A3000645170 /* WheatherCaseAppUITestsLaunchTests.swift */,
			);
			path = WheatherCaseAppUITests;
			sourceTree = "<group>";
		};
		195FC58E27242C4000645170 /* WheatherAPI */ = {
			isa = PBXGroup;
			children = (
				195FC58F27242C7500645170 /* models */,
				1967594327242F7F00BE8798 /* WheatherAPI.swift */,
			);
			path = WheatherAPI;
			sourceTree = "<group>";
		};
		195FC58F27242C7500645170 /* models */ = {
			isa = PBXGroup;
			children = (
				1967594127242E3C00BE8798 /* WeatherResponseModel.swift */,
				196759452724303400BE8798 /* WeatherLocationModel.swift */,
				19F9E18427246C7300BABF3F /* Errors.swift */,
			);
			path = models;
			sourceTree = "<group>";
		};
		199D61542726DBCF00FAB0D5 /* Logic */ = {
			isa = PBXGroup;
			children = (
				199D61552726DBDF00FAB0D5 /* LocationManager */,
				195FC58E27242C4000645170 /* WheatherAPI */,
			);
			path = Logic;
			sourceTree = "<group>";
		};
		199D61552726DBDF00FAB0D5 /* LocationManager */ = {
			isa = PBXGroup;
			children = (
				196B5FCF2724C80600C19146 /* LocationManager.swift */,
			);
			path = LocationManager;
			sourceTree = "<group>";
		};
		199D61562726DBF000FAB0D5 /* ViewModel */ = {
			isa = PBXGroup;
			children = (
				19F9E18627247B9300BABF3F /* WeatherViewModel.swift */,
				19F9E18A27249D9300BABF3F /* LocationDetailViewModel.swift */,
				199D61582726DEAC00FAB0D5 /* ViewModelState.swift */,
			);
			path = ViewModel;
			sourceTree = "<group>";
		};
		199D61572726DDD400FAB0D5 /* View */ = {
			isa = PBXGroup;
			children = (
				19F9E18827248B5C00BABF3F /* LocationDetailView.swift */,
				195FC56427242A2F00645170 /* ContentView.swift */,
			);
			path = View;
			sourceTree = "<group>";
		};
/* End PBXGroup section */

/* Begin PBXNativeTarget section */
		195FC55E27242A2F00645170 /* WheatherCaseApp */ = {
			isa = PBXNativeTarget;
			buildConfigurationList = 195FC58327242A3000645170 /* Build configuration list for PBXNativeTarget "WheatherCaseApp" */;
			buildPhases = (
				195FC55B27242A2F00645170 /* Sources */,
				195FC55C27242A2F00645170 /* Frameworks */,
				195FC55D27242A2F00645170 /* Resources */,
			);
			buildRules = (
			);
			dependencies = (
			);
			name = WheatherCaseApp;
			packageProductDependencies = (
				1967594827243A9C00BE8798 /* Alamofire */,
			);
			productName = WheatherCaseApp;
			productReference = 195FC55F27242A2F00645170 /* WheatherCaseApp.app */;
			productType = "com.apple.product-type.application";
		};
		195FC56E27242A3000645170 /* WheatherCaseAppTests */ = {
			isa = PBXNativeTarget;
			buildConfigurationList = 195FC58627242A3000645170 /* Build configuration list for PBXNativeTarget "WheatherCaseAppTests" */;
			buildPhases = (
				195FC56B27242A3000645170 /* Sources */,
				195FC56C27242A3000645170 /* Frameworks */,
				195FC56D27242A3000645170 /* Resources */,
			);
			buildRules = (
			);
			dependencies = (
				195FC57127242A3000645170 /* PBXTargetDependency */,
			);
			name = WheatherCaseAppTests;
			productName = WheatherCaseAppTests;
			productReference = 195FC56F27242A3000645170 /* WheatherCaseAppTests.xctest */;
			productType = "com.apple.product-type.bundle.unit-test";
		};
		195FC57827242A3000645170 /* WheatherCaseAppUITests */ = {
			isa = PBXNativeTarget;
			buildConfigurationList = 195FC58927242A3000645170 /* Build configuration list for PBXNativeTarget "WheatherCaseAppUITests" */;
			buildPhases = (
				195FC57527242A3000645170 /* Sources */,
				195FC57627242A3000645170 /* Frameworks */,
				195FC57727242A3000645170 /* Resources */,
			);
			buildRules = (
			);
			dependencies = (
				195FC57B27242A3000645170 /* PBXTargetDependency */,
			);
			name = WheatherCaseAppUITests;
			productName = WheatherCaseAppUITests;
			productReference = 195FC57927242A3000645170 /* WheatherCaseAppUITests.xctest */;
			productType = "com.apple.product-type.bundle.ui-testing";
		};
/* End PBXNativeTarget section */

/* Begin PBXProject section */
		195FC55727242A2F00645170 /* Project object */ = {
			isa = PBXProject;
			attributes = {
				BuildIndependentTargetsInParallel = 1;
				LastSwiftUpdateCheck = 1300;
				LastUpgradeCheck = 1300;
				TargetAttributes = {
					195FC55E27242A2F00645170 = {
						CreatedOnToolsVersion = 13.0;
					};
					195FC56E27242A3000645170 = {
						CreatedOnToolsVersion = 13.0;
						TestTargetID = 195FC55E27242A2F00645170;
					};
					195FC57827242A3000645170 = {
						CreatedOnToolsVersion = 13.0;
						TestTargetID = 195FC55E27242A2F00645170;
					};
				};
			};
			buildConfigurationList = 195FC55A27242A2F00645170 /* Build configuration list for PBXProject "WheatherCaseApp" */;
			compatibilityVersion = "Xcode 13.0";
			developmentRegion = en;
			hasScannedForEncodings = 0;
			knownRegions = (
				en,
				Base,
			);
			mainGroup = 195FC55627242A2F00645170;
			packageReferences = (
				1967594727243A9C00BE8798 /* XCRemoteSwiftPackageReference "Alamofire" */,
			);
			productRefGroup = 195FC56027242A2F00645170 /* Products */;
			projectDirPath = "";
			projectRoot = "";
			targets = (
				195FC55E27242A2F00645170 /* WheatherCaseApp */,
				195FC56E27242A3000645170 /* WheatherCaseAppTests */,
				195FC57827242A3000645170 /* WheatherCaseAppUITests */,
			);
		};
/* End PBXProject section */

/* Begin PBXResourcesBuildPhase section */
		195FC55D27242A2F00645170 /* Resources */ = {
			isa = PBXResourcesBuildPhase;
			buildActionMask = 2147483647;
			files = (
				195FC56A27242A3000645170 /* Preview Assets.xcassets in Resources */,
				195FC56727242A3000645170 /* Assets.xcassets in Resources */,
			);
			runOnlyForDeploymentPostprocessing = 0;
		};
		195FC56D27242A3000645170 /* Resources */ = {
			isa = PBXResourcesBuildPhase;
			buildActionMask = 2147483647;
			files = (
			);
			runOnlyForDeploymentPostprocessing = 0;
		};
		195FC57727242A3000645170 /* Resources */ = {
			isa = PBXResourcesBuildPhase;
			buildActionMask = 2147483647;
			files = (
			);
			runOnlyForDeploymentPostprocessing = 0;
		};
/* End PBXResourcesBuildPhase section */

/* Begin PBXSourcesBuildPhase section */
		195FC55B27242A2F00645170 /* Sources */ = {
			isa = PBXSourcesBuildPhase;
			buildActionMask = 2147483647;
			files = (
				196759462724303400BE8798 /* WeatherLocationModel.swift in Sources */,
				19F9E18B27249D9300BABF3F /* LocationDetailViewModel.swift in Sources */,
				196B5FD02724C80600C19146 /* LocationManager.swift in Sources */,
				195FC56527242A2F00645170 /* ContentView.swift in Sources */,
				19F9E18927248B5C00BABF3F /* LocationDetailView.swift in Sources */,
				1967594227242E3C00BE8798 /* WeatherResponseModel.swift in Sources */,
				199D61592726DEAC00FAB0D5 /* ViewModelState.swift in Sources */,
				19F9E18727247B9300BABF3F /* WeatherViewModel.swift in Sources */,
				195FC56327242A2F00645170 /* WheatherCaseAppApp.swift in Sources */,
				19F9E18527246C7400BABF3F /* Errors.swift in Sources */,
				1967594427242F7F00BE8798 /* WheatherAPI.swift in Sources */,
			);
			runOnlyForDeploymentPostprocessing = 0;
		};
		195FC56B27242A3000645170 /* Sources */ = {
			isa = PBXSourcesBuildPhase;
			buildActionMask = 2147483647;
			files = (
				195FC57427242A3000645170 /* WheatherCaseAppTests.swift in Sources */,
			);
			runOnlyForDeploymentPostprocessing = 0;
		};
		195FC57527242A3000645170 /* Sources */ = {
			isa = PBXSourcesBuildPhase;
			buildActionMask = 2147483647;
			files = (
				195FC58027242A3000645170 /* WheatherCaseAppUITestsLaunchTests.swift in Sources */,
				195FC57E27242A3000645170 /* WheatherCaseAppUITests.swift in Sources */,
			);
			runOnlyForDeploymentPostprocessing = 0;
		};
/* End PBXSourcesBuildPhase section */

/* Begin PBXTargetDependency section */
		195FC57127242A3000645170 /* PBXTargetDependency */ = {
			isa = PBXTargetDependency;
			target = 195FC55E27242A2F00645170 /* WheatherCaseApp */;
			targetProxy = 195FC57027242A3000645170 /* PBXContainerItemProxy */;
		};
		195FC57B27242A3000645170 /* PBXTargetDependency */ = {
			isa = PBXTargetDependency;
			target = 195FC55E27242A2F00645170 /* WheatherCaseApp */;
			targetProxy = 195FC57A27242A3000645170 /* PBXContainerItemProxy */;
		};
/* End PBXTargetDependency section */

/* Begin XCBuildConfiguration section */
		195FC58127242A3000645170 /* Debug */ = {
			isa = XCBuildConfiguration;
			buildSettings = {
				ALWAYS_SEARCH_USER_PATHS = NO;
				CLANG_ANALYZER_NONNULL = YES;
				CLANG_ANALYZER_NUMBER_OBJECT_CONVERSION = YES_AGGRESSIVE;
				CLANG_CXX_LANGUAGE_STANDARD = "gnu++17";
				CLANG_CXX_LIBRARY = "libc++";
				CLANG_ENABLE_MODULES = YES;
				CLANG_ENABLE_OBJC_ARC = YES;
				CLANG_ENABLE_OBJC_WEAK = YES;
				CLANG_WARN_BLOCK_CAPTURE_AUTORELEASING = YES;
				CLANG_WARN_BOOL_CONVERSION = YES;
				CLANG_WARN_COMMA = YES;
				CLANG_WARN_CONSTANT_CONVERSION = YES;
				CLANG_WARN_DEPRECATED_OBJC_IMPLEMENTATIONS = YES;
				CLANG_WARN_DIRECT_OBJC_ISA_USAGE = YES_ERROR;
				CLANG_WARN_DOCUMENTATION_COMMENTS = YES;
				CLANG_WARN_EMPTY_BODY = YES;
				CLANG_WARN_ENUM_CONVERSION = YES;
				CLANG_WARN_INFINITE_RECURSION = YES;
				CLANG_WARN_INT_CONVERSION = YES;
				CLANG_WARN_NON_LITERAL_NULL_CONVERSION = YES;
				CLANG_WARN_OBJC_IMPLICIT_RETAIN_SELF = YES;
				CLANG_WARN_OBJC_LITERAL_CONVERSION = YES;
				CLANG_WARN_OBJC_ROOT_CLASS = YES_ERROR;
				CLANG_WARN_QUOTED_INCLUDE_IN_FRAMEWORK_HEADER = YES;
				CLANG_WARN_RANGE_LOOP_ANALYSIS = YES;
				CLANG_WARN_STRICT_PROTOTYPES = YES;
				CLANG_WARN_SUSPICIOUS_MOVE = YES;
				CLANG_WARN_UNGUARDED_AVAILABILITY = YES_AGGRESSIVE;
				CLANG_WARN_UNREACHABLE_CODE = YES;
				CLANG_WARN__DUPLICATE_METHOD_MATCH = YES;
				COPY_PHASE_STRIP = NO;
				DEBUG_INFORMATION_FORMAT = dwarf;
				ENABLE_STRICT_OBJC_MSGSEND = YES;
				ENABLE_TESTABILITY = YES;
				GCC_C_LANGUAGE_STANDARD = gnu11;
				GCC_DYNAMIC_NO_PIC = NO;
				GCC_NO_COMMON_BLOCKS = YES;
				GCC_OPTIMIZATION_LEVEL = 0;
				GCC_PREPROCESSOR_DEFINITIONS = (
					"DEBUG=1",
					"$(inherited)",
				);
				GCC_WARN_64_TO_32_BIT_CONVERSION = YES;
				GCC_WARN_ABOUT_RETURN_TYPE = YES_ERROR;
				GCC_WARN_UNDECLARED_SELECTOR = YES;
				GCC_WARN_UNINITIALIZED_AUTOS = YES_AGGRESSIVE;
				GCC_WARN_UNUSED_FUNCTION = YES;
				GCC_WARN_UNUSED_VARIABLE = YES;
				IPHONEOS_DEPLOYMENT_TARGET = 15.0;
				MTL_ENABLE_DEBUG_INFO = INCLUDE_SOURCE;
				MTL_FAST_MATH = YES;
				ONLY_ACTIVE_ARCH = YES;
				SDKROOT = iphoneos;
				SWIFT_ACTIVE_COMPILATION_CONDITIONS = DEBUG;
				SWIFT_OPTIMIZATION_LEVEL = "-Onone";
			};
			name = Debug;
		};
		195FC58227242A3000645170 /* Release */ = {
			isa = XCBuildConfiguration;
			buildSettings = {
				ALWAYS_SEARCH_USER_PATHS = NO;
				CLANG_ANALYZER_NONNULL = YES;
				CLANG_ANALYZER_NUMBER_OBJECT_CONVERSION = YES_AGGRESSIVE;
				CLANG_CXX_LANGUAGE_STANDARD = "gnu++17";
				CLANG_CXX_LIBRARY = "libc++";
				CLANG_ENABLE_MODULES = YES;
				CLANG_ENABLE_OBJC_ARC = YES;
				CLANG_ENABLE_OBJC_WEAK = YES;
				CLANG_WARN_BLOCK_CAPTURE_AUTORELEASING = YES;
				CLANG_WARN_BOOL_CONVERSION = YES;
				CLANG_WARN_COMMA = YES;
				CLANG_WARN_CONSTANT_CONVERSION = YES;
				CLANG_WARN_DEPRECATED_OBJC_IMPLEMENTATIONS = YES;
				CLANG_WARN_DIRECT_OBJC_ISA_USAGE = YES_ERROR;
				CLANG_WARN_DOCUMENTATION_COMMENTS = YES;
				CLANG_WARN_EMPTY_BODY = YES;
				CLANG_WARN_ENUM_CONVERSION = YES;
				CLANG_WARN_INFINITE_RECURSION = YES;
				CLANG_WARN_INT_CONVERSION = YES;
				CLANG_WARN_NON_LITERAL_NULL_CONVERSION = YES;
				CLANG_WARN_OBJC_IMPLICIT_RETAIN_SELF = YES;
				CLANG_WARN_OBJC_LITERAL_CONVERSION = YES;
				CLANG_WARN_OBJC_ROOT_CLASS = YES_ERROR;
				CLANG_WARN_QUOTED_INCLUDE_IN_FRAMEWORK_HEADER = YES;
				CLANG_WARN_RANGE_LOOP_ANALYSIS = YES;
				CLANG_WARN_STRICT_PROTOTYPES = YES;
				CLANG_WARN_SUSPICIOUS_MOVE = YES;
				CLANG_WARN_UNGUARDED_AVAILABILITY = YES_AGGRESSIVE;
				CLANG_WARN_UNREACHABLE_CODE = YES;
				CLANG_WARN__DUPLICATE_METHOD_MATCH = YES;
				COPY_PHASE_STRIP = NO;
				DEBUG_INFORMATION_FORMAT = "dwarf-with-dsym";
				ENABLE_NS_ASSERTIONS = NO;
				ENABLE_STRICT_OBJC_MSGSEND = YES;
				GCC_C_LANGUAGE_STANDARD = gnu11;
				GCC_NO_COMMON_BLOCKS = YES;
				GCC_WARN_64_TO_32_BIT_CONVERSION = YES;
				GCC_WARN_ABOUT_RETURN_TYPE = YES_ERROR;
				GCC_WARN_UNDECLARED_SELECTOR = YES;
				GCC_WARN_UNINITIALIZED_AUTOS = YES_AGGRESSIVE;
				GCC_WARN_UNUSED_FUNCTION = YES;
				GCC_WARN_UNUSED_VARIABLE = YES;
				IPHONEOS_DEPLOYMENT_TARGET = 15.0;
				MTL_ENABLE_DEBUG_INFO = NO;
				MTL_FAST_MATH = YES;
				SDKROOT = iphoneos;
				SWIFT_COMPILATION_MODE = wholemodule;
				SWIFT_OPTIMIZATION_LEVEL = "-O";
				VALIDATE_PRODUCT = YES;
			};
			name = Release;
		};
		195FC58427242A3000645170 /* Debug */ = {
			isa = XCBuildConfiguration;
			buildSettings = {
				ASSETCATALOG_COMPILER_APPICON_NAME = AppIcon;
				ASSETCATALOG_COMPILER_GLOBAL_ACCENT_COLOR_NAME = AccentColor;
				CODE_SIGN_STYLE = Automatic;
				CURRENT_PROJECT_VERSION = 1;
				DEVELOPMENT_ASSET_PATHS = "\"WheatherCaseApp/Preview Content\"";
				DEVELOPMENT_TEAM = 567DNSK3F3;
				ENABLE_PREVIEWS = YES;
				GENERATE_INFOPLIST_FILE = YES;
				INFOPLIST_FILE = WheatherCaseApp/Info.plist;
				INFOPLIST_KEY_NSLocationWhenInUseUsageDescription = Durrum;
				INFOPLIST_KEY_UIApplicationSceneManifest_Generation = YES;
				INFOPLIST_KEY_UIApplicationSupportsIndirectInputEvents = YES;
				INFOPLIST_KEY_UILaunchScreen_Generation = YES;
				INFOPLIST_KEY_UISupportedInterfaceOrientations_iPad = "UIInterfaceOrientationPortrait UIInterfaceOrientationPortraitUpsideDown UIInterfaceOrientationLandscapeLeft UIInterfaceOrientationLandscapeRight";
				INFOPLIST_KEY_UISupportedInterfaceOrientations_iPhone = "UIInterfaceOrientationPortrait UIInterfaceOrientationLandscapeLeft UIInterfaceOrientationLandscapeRight";
				IPHONEOS_DEPLOYMENT_TARGET = 14.0;
				LD_RUNPATH_SEARCH_PATHS = (
					"$(inherited)",
					"@executable_path/Frameworks",
				);
				MARKETING_VERSION = 1.0;
				PRODUCT_BUNDLE_IDENTIFIER = Yusuf.WheatherCaseApp;
				PRODUCT_NAME = "$(TARGET_NAME)";
				SWIFT_EMIT_LOC_STRINGS = YES;
				SWIFT_VERSION = 5.0;
				TARGETED_DEVICE_FAMILY = "1,2";
			};
			name = Debug;
		};
		195FC58527242A3000645170 /* Release */ = {
			isa = XCBuildConfiguration;
			buildSettings = {
				ASSETCATALOG_COMPILER_APPICON_NAME = AppIcon;
				ASSETCATALOG_COMPILER_GLOBAL_ACCENT_COLOR_NAME = AccentColor;
				CODE_SIGN_STYLE = Automatic;
				CURRENT_PROJECT_VERSION = 1;
				DEVELOPMENT_ASSET_PATHS = "\"WheatherCaseApp/Preview Content\"";
				DEVELOPMENT_TEAM = 567DNSK3F3;
				ENABLE_PREVIEWS = YES;
				GENERATE_INFOPLIST_FILE = YES;
				INFOPLIST_FILE = WheatherCaseApp/Info.plist;
				INFOPLIST_KEY_NSLocationWhenInUseUsageDescription = Durrum;
				INFOPLIST_KEY_UIApplicationSceneManifest_Generation = YES;
				INFOPLIST_KEY_UIApplicationSupportsIndirectInputEvents = YES;
				INFOPLIST_KEY_UILaunchScreen_Generation = YES;
				INFOPLIST_KEY_UISupportedInterfaceOrientations_iPad = "UIInterfaceOrientationPortrait UIInterfaceOrientationPortraitUpsideDown UIInterfaceOrientationLandscapeLeft UIInterfaceOrientationLandscapeRight";
				INFOPLIST_KEY_UISupportedInterfaceOrientations_iPhone = "UIInterfaceOrientationPortrait UIInterfaceOrientationLandscapeLeft UIInterfaceOrientationLandscapeRight";
				IPHONEOS_DEPLOYMENT_TARGET = 14.0;
				LD_RUNPATH_SEARCH_PATHS = (
					"$(inherited)",
					"@executable_path/Frameworks",
				);
				MARKETING_VERSION = 1.0;
				PRODUCT_BUNDLE_IDENTIFIER = Yusuf.WheatherCaseApp;
				PRODUCT_NAME = "$(TARGET_NAME)";
				SWIFT_EMIT_LOC_STRINGS = YES;
				SWIFT_VERSION = 5.0;
				TARGETED_DEVICE_FAMILY = "1,2";
			};
			name = Release;
		};
		195FC58727242A3000645170 /* Debug */ = {
			isa = XCBuildConfiguration;
			buildSettings = {
				ALWAYS_EMBED_SWIFT_STANDARD_LIBRARIES = YES;
				BUNDLE_LOADER = "$(TEST_HOST)";
				CODE_SIGN_STYLE = Automatic;
				CURRENT_PROJECT_VERSION = 1;
				DEVELOPMENT_TEAM = 567DNSK3F3;
				GENERATE_INFOPLIST_FILE = YES;
				IPHONEOS_DEPLOYMENT_TARGET = 14.0;
				LD_RUNPATH_SEARCH_PATHS = (
					"$(inherited)",
					"@executable_path/Frameworks",
					"@loader_path/Frameworks",
				);
				MARKETING_VERSION = 1.0;
				PRODUCT_BUNDLE_IDENTIFIER = Yusuf.WheatherCaseAppTests;
				PRODUCT_NAME = "$(TARGET_NAME)";
				SWIFT_EMIT_LOC_STRINGS = NO;
				SWIFT_VERSION = 5.0;
				TARGETED_DEVICE_FAMILY = "1,2";
				TEST_HOST = "$(BUILT_PRODUCTS_DIR)/WheatherCaseApp.app/WheatherCaseApp";
			};
			name = Debug;
		};
		195FC58827242A3000645170 /* Release */ = {
			isa = XCBuildConfiguration;
			buildSettings = {
				ALWAYS_EMBED_SWIFT_STANDARD_LIBRARIES = YES;
				BUNDLE_LOADER = "$(TEST_HOST)";
				CODE_SIGN_STYLE = Automatic;
				CURRENT_PROJECT_VERSION = 1;
				DEVELOPMENT_TEAM = 567DNSK3F3;
				GENERATE_INFOPLIST_FILE = YES;
				IPHONEOS_DEPLOYMENT_TARGET = 14.0;
				LD_RUNPATH_SEARCH_PATHS = (
					"$(inherited)",
					"@executable_path/Frameworks",
					"@loader_path/Frameworks",
				);
				MARKETING_VERSION = 1.0;
				PRODUCT_BUNDLE_IDENTIFIER = Yusuf.WheatherCaseAppTests;
				PRODUCT_NAME = "$(TARGET_NAME)";
				SWIFT_EMIT_LOC_STRINGS = NO;
				SWIFT_VERSION = 5.0;
				TARGETED_DEVICE_FAMILY = "1,2";
				TEST_HOST = "$(BUILT_PRODUCTS_DIR)/WheatherCaseApp.app/WheatherCaseApp";
			};
			name = Release;
		};
		195FC58A27242A3000645170 /* Debug */ = {
			isa = XCBuildConfiguration;
			buildSettings = {
				ALWAYS_EMBED_SWIFT_STANDARD_LIBRARIES = YES;
				CODE_SIGN_STYLE = Automatic;
				CURRENT_PROJECT_VERSION = 1;
				DEVELOPMENT_TEAM = 567DNSK3F3;
				GENERATE_INFOPLIST_FILE = YES;
				LD_RUNPATH_SEARCH_PATHS = (
					"$(inherited)",
					"@executable_path/Frameworks",
					"@loader_path/Frameworks",
				);
				MARKETING_VERSION = 1.0;
				PRODUCT_BUNDLE_IDENTIFIER = Yusuf.WheatherCaseAppUITests;
				PRODUCT_NAME = "$(TARGET_NAME)";
				SWIFT_EMIT_LOC_STRINGS = NO;
				SWIFT_VERSION = 5.0;
				TARGETED_DEVICE_FAMILY = "1,2";
				TEST_TARGET_NAME = WheatherCaseApp;
			};
			name = Debug;
		};
		195FC58B27242A3000645170 /* Release */ = {
			isa = XCBuildConfiguration;
			buildSettings = {
				ALWAYS_EMBED_SWIFT_STANDARD_LIBRARIES = YES;
				CODE_SIGN_STYLE = Automatic;
				CURRENT_PROJECT_VERSION = 1;
				DEVELOPMENT_TEAM = 567DNSK3F3;
				GENERATE_INFOPLIST_FILE = YES;
				LD_RUNPATH_SEARCH_PATHS = (
					"$(inherited)",
					"@executable_path/Frameworks",
					"@loader_path/Frameworks",
				);
				MARKETING_VERSION = 1.0;
				PRODUCT_BUNDLE_IDENTIFIER = Yusuf.WheatherCaseAppUITests;
				PRODUCT_NAME = "$(TARGET_NAME)";
				SWIFT_EMIT_LOC_STRINGS = NO;
				SWIFT_VERSION = 5.0;
				TARGETED_DEVICE_FAMILY = "1,2";
				TEST_TARGET_NAME = WheatherCaseApp;
			};
			name = Release;
		};
/* End XCBuildConfiguration section */

/* Begin XCConfigurationList section */
		195FC55A27242A2F00645170 /* Build configuration list for PBXProject "WheatherCaseApp" */ = {
			isa = XCConfigurationList;
			buildConfigurations = (
				195FC58127242A3000645170 /* Debug */,
				195FC58227242A3000645170 /* Release */,
			);
			defaultConfigurationIsVisible = 0;
			defaultConfigurationName = Release;
		};
		195FC58327242A3000645170 /* Build configuration list for PBXNativeTarget "WheatherCaseApp" */ = {
			isa = XCConfigurationList;
			buildConfigurations = (
				195FC58427242A3000645170 /* Debug */,
				195FC58527242A3000645170 /* Release */,
			);
			defaultConfigurationIsVisible = 0;
			defaultConfigurationName = Release;
		};
		195FC58627242A3000645170 /* Build configuration list for PBXNativeTarget "WheatherCaseAppTests" */ = {
			isa = XCConfigurationList;
			buildConfigurations = (
				195FC58727242A3000645170 /* Debug */,
				195FC58827242A3000645170 /* Release */,
			);
			defaultConfigurationIsVisible = 0;
			defaultConfigurationName = Release;
		};
		195FC58927242A3000645170 /* Build configuration list for PBXNativeTarget "WheatherCaseAppUITests" */ = {
			isa = XCConfigurationList;
			buildConfigurations = (
				195FC58A27242A3000645170 /* Debug */,
				195FC58B27242A3000645170 /* Release */,
			);
			defaultConfigurationIsVisible = 0;
			defaultConfigurationName = Release;
		};
/* End XCConfigurationList section */

/* Begin XCRemoteSwiftPackageReference section */
		1967594727243A9C00BE8798 /* XCRemoteSwiftPackageReference "Alamofire" */ = {
			isa = XCRemoteSwiftPackageReference;
			repositoryURL = "https://github.com/Alamofire/Alamofire.git";
			requirement = {
				kind = upToNextMajorVersion;
				minimumVersion = 5.0.0;
			};
		};
/* End XCRemoteSwiftPackageReference section */

/* Begin XCSwiftPackageProductDependency section */
		1967594827243A9C00BE8798 /* Alamofire */ = {
			isa = XCSwiftPackageProductDependency;
			package = 1967594727243A9C00BE8798 /* XCRemoteSwiftPackageReference "Alamofire" */;
			productName = Alamofire;
		};
/* End XCSwiftPackageProductDependency section */
	};
	rootObject = 195FC55727242A2F00645170 /* Project object */;
}
